// !$*UTF8*$!
{
	archiveVersion = 1;
	classes = {
	};
	objectVersion = 46;
	objects = {

/* Begin PBXBuildFile section */
		344769A31B3AA65E00A4EEF0 /* main.m in Sources */ = {isa = PBXBuildFile; fileRef = 344769A21B3AA65E00A4EEF0 /* main.m */; };
		344769A61B3AA65E00A4EEF0 /* AppDelegate.m in Sources */ = {isa = PBXBuildFile; fileRef = 344769A51B3AA65E00A4EEF0 /* AppDelegate.m */; };
		344769A81B3AA65E00A4EEF0 /* Images.xcassets in Resources */ = {isa = PBXBuildFile; fileRef = 344769A71B3AA65E00A4EEF0 /* Images.xcassets */; };
		344769AB1B3AA65E00A4EEF0 /* LaunchScreen.xib in Resources */ = {isa = PBXBuildFile; fileRef = 344769A91B3AA65E00A4EEF0 /* LaunchScreen.xib */; };
		344769B71B3AA65E00A4EEF0 /* DreamGroup__TipsTests.m in Sources */ = {isa = PBXBuildFile; fileRef = 344769B61B3AA65E00A4EEF0 /* DreamGroup__TipsTests.m */; };
/* End PBXBuildFile section */

/* Begin PBXContainerItemProxy section */
		344769B11B3AA65E00A4EEF0 /* PBXContainerItemProxy */ = {
			isa = PBXContainerItemProxy;
			containerPortal = 344769951B3AA65E00A4EEF0 /* Project object */;
			proxyType = 1;
			remoteGlobalIDString = 3447699C1B3AA65E00A4EEF0;
			remoteInfo = "DreamGroup  Tips";
		};
/* End PBXContainerItemProxy section */

/* Begin PBXFileReference section */
		3447699D1B3AA65E00A4EEF0 /* DreamGroup  Tips.app */ = {isa = PBXFileReference; explicitFileType = wrapper.application; includeInIndex = 0; path = "DreamGroup  Tips.app"; sourceTree = BUILT_PRODUCTS_DIR; };
		344769A11B3AA65E00A4EEF0 /* Info.plist */ = {isa = PBXFileReference; lastKnownFileType = text.plist.xml; path = Info.plist; sourceTree = "<group>"; };
		344769A21B3AA65E00A4EEF0 /* main.m */ = {isa = PBXFileReference; lastKnownFileType = sourcecode.c.objc; path = main.m; sourceTree = "<group>"; };
		344769A41B3AA65E00A4EEF0 /* AppDelegate.h */ = {isa = PBXFileReference; lastKnownFileType = sourcecode.c.h; path = AppDelegate.h; sourceTree = "<group>"; };
		344769A51B3AA65E00A4EEF0 /* AppDelegate.m */ = {isa = PBXFileReference; lastKnownFileType = sourcecode.c.objc; path = AppDelegate.m; sourceTree = "<group>"; };
		344769A71B3AA65E00A4EEF0 /* Images.xcassets */ = {isa = PBXFileReference; lastKnownFileType = folder.assetcatalog; path = Images.xcassets; sourceTree = "<group>"; };
		344769AA1B3AA65E00A4EEF0 /* Base */ = {isa = PBXFileReference; lastKnownFileType = file.xib; name = Base; path = Base.lproj/LaunchScreen.xib; sourceTree = "<group>"; };
		344769B01B3AA65E00A4EEF0 /* DreamGroup  TipsTests.xctest */ = {isa = PBXFileReference; explicitFileType = wrapper.cfbundle; includeInIndex = 0; path = "DreamGroup  TipsTests.xctest"; sourceTree = BUILT_PRODUCTS_DIR; };
		344769B51B3AA65E00A4EEF0 /* Info.plist */ = {isa = PBXFileReference; lastKnownFileType = text.plist.xml; path = Info.plist; sourceTree = "<group>"; };
		344769B61B3AA65E00A4EEF0 /* DreamGroup__TipsTests.m */ = {isa = PBXFileReference; lastKnownFileType = sourcecode.c.objc; path = DreamGroup__TipsTests.m; sourceTree = "<group>"; };
/* End PBXFileReference section */

/* Begin PBXFrameworksBuildPhase section */
		3447699A1B3AA65E00A4EEF0 /* Frameworks */ = {
			isa = PBXFrameworksBuildPhase;
			buildActionMask = 2147483647;
			files = (
			);
			runOnlyForDeploymentPostprocessing = 0;
		};
		344769AD1B3AA65E00A4EEF0 /* Frameworks */ = {
			isa = PBXFrameworksBuildPhase;
			buildActionMask = 2147483647;
			files = (
			);
			runOnlyForDeploymentPostprocessing = 0;
		};
/* End PBXFrameworksBuildPhase section */

/* Begin PBXGroup section */
		344769941B3AA65E00A4EEF0 = {
			isa = PBXGroup;
			children = (
				3447699F1B3AA65E00A4EEF0 /* DreamGroup  Tips */,
				344769B31B3AA65E00A4EEF0 /* DreamGroup  TipsTests */,
				3447699E1B3AA65E00A4EEF0 /* Products */,
			);
			sourceTree = "<group>";
		};
		3447699E1B3AA65E00A4EEF0 /* Products */ = {
			isa = PBXGroup;
			children = (
				3447699D1B3AA65E00A4EEF0 /* DreamGroup  Tips.app */,
				344769B01B3AA65E00A4EEF0 /* DreamGroup  TipsTests.xctest */,
			);
			name = Products;
			sourceTree = "<group>";
		};
		3447699F1B3AA65E00A4EEF0 /* DreamGroup  Tips */ = {
			isa = PBXGroup;
			children = (
				344769CD1B3AA79400A4EEF0 /* Vendors */,
				344769CC1B3AA78300A4EEF0 /* UserInterface */,
				344769CB1B3AA77A00A4EEF0 /* Resources */,
				344769CA1B3AA77300A4EEF0 /* Models */,
				344769C91B3AA76A00A4EEF0 /* Macro */,
				344769C81B3AA75D00A4EEF0 /* Helpers */,
				344769C51B3AA72200A4EEF0 /* Helpers */,
				344769C41B3AA71500A4EEF0 /* General */,
				344769C11B3AA6DA00A4EEF0 /* Sections */,
				344769C01B3AA66B00A4EEF0 /* AppDelegate */,
				344769A71B3AA65E00A4EEF0 /* Images.xcassets */,
				344769A91B3AA65E00A4EEF0 /* LaunchScreen.xib */,
				344769A01B3AA65E00A4EEF0 /* Supporting Files */,
			);
			path = "DreamGroup  Tips";
			sourceTree = "<group>";
		};
		344769A01B3AA65E00A4EEF0 /* Supporting Files */ = {
			isa = PBXGroup;
			children = (
				344769A11B3AA65E00A4EEF0 /* Info.plist */,
				344769A21B3AA65E00A4EEF0 /* main.m */,
			);
			name = "Supporting Files";
			sourceTree = "<group>";
		};
		344769B31B3AA65E00A4EEF0 /* DreamGroup  TipsTests */ = {
			isa = PBXGroup;
			children = (
				344769B61B3AA65E00A4EEF0 /* DreamGroup__TipsTests.m */,
				344769B41B3AA65E00A4EEF0 /* Supporting Files */,
			);
			path = "DreamGroup  TipsTests";
			sourceTree = "<group>";
		};
		344769B41B3AA65E00A4EEF0 /* Supporting Files */ = {
			isa = PBXGroup;
			children = (
				344769B51B3AA65E00A4EEF0 /* Info.plist */,
			);
			name = "Supporting Files";
			sourceTree = "<group>";
		};
		344769C01B3AA66B00A4EEF0 /* AppDelegate */ = {
			isa = PBXGroup;
			children = (
				344769A41B3AA65E00A4EEF0 /* AppDelegate.h */,
				344769A51B3AA65E00A4EEF0 /* AppDelegate.m */,
			);
			name = AppDelegate;
			sourceTree = "<group>";
		};
		344769C11B3AA6DA00A4EEF0 /* Sections */ = {
			isa = PBXGroup;
			children = (
				344769C21B3AA6E300A4EEF0 /* Main */,
			);
			name = Sections;
			sourceTree = "<group>";
		};
		344769C21B3AA6E300A4EEF0 /* Main */ = {
			isa = PBXGroup;
			children = (
			);
			name = Main;
			sourceTree = "<group>";
		};
		344769C41B3AA71500A4EEF0 /* General */ = {
			isa = PBXGroup;
			children = (
				344769C71B3AA73E00A4EEF0 /* Views */,
				344769C61B3AA73000A4EEF0 /* Classes */,
			);
			name = General;
			sourceTree = "<group>";
		};
		344769C51B3AA72200A4EEF0 /* Helpers */ = {
			isa = PBXGroup;
			children = (
			);
			name = Helpers;
			sourceTree = "<group>";
		};
		344769C61B3AA73000A4EEF0 /* Classes */ = {
			isa = PBXGroup;
			children = (
			);
			name = Classes;
			sourceTree = "<group>";
		};
		344769C71B3AA73E00A4EEF0 /* Views */ = {
			isa = PBXGroup;
			children = (
			);
			name = Views;
			sourceTree = "<group>";
		};
		344769C81B3AA75D00A4EEF0 /* Helpers */ = {
			isa = PBXGroup;
			children = (
			);
			name = Helpers;
			sourceTree = "<group>";
		};
		344769C91B3AA76A00A4EEF0 /* Macro */ = {
			isa = PBXGroup;
			children = (
			);
			name = Macro;
			sourceTree = "<group>";
		};
		344769CA1B3AA77300A4EEF0 /* Models */ = {
			isa = PBXGroup;
			children = (
			);
			name = Models;
			sourceTree = "<group>";
		};
		344769CB1B3AA77A00A4EEF0 /* Resources */ = {
			isa = PBXGroup;
			children = (
			);
			name = Resources;
			sourceTree = "<group>";
		};
		344769CC1B3AA78300A4EEF0 /* UserInterface */ = {
			isa = PBXGroup;
			children = (
			);
			name = UserInterface;
			sourceTree = "<group>";
		};
		344769CD1B3AA79400A4EEF0 /* Vendors */ = {
			isa = PBXGroup;
			children = (
			);
			name = Vendors;
			sourceTree = "<group>";
		};
/* End PBXGroup section */

/* Begin PBXNativeTarget section */
		3447699C1B3AA65E00A4EEF0 /* DreamGroup  Tips */ = {
			isa = PBXNativeTarget;
			buildConfigurationList = 344769BA1B3AA65E00A4EEF0 /* Build configuration list for PBXNativeTarget "DreamGroup  Tips" */;
			buildPhases = (
				344769991B3AA65E00A4EEF0 /* Sources */,
				3447699A1B3AA65E00A4EEF0 /* Frameworks */,
				3447699B1B3AA65E00A4EEF0 /* Resources */,
			);
			buildRules = (
			);
			dependencies = (
			);
			name = "DreamGroup  Tips";
			productName = "DreamGroup  Tips";
			productReference = 3447699D1B3AA65E00A4EEF0 /* DreamGroup  Tips.app */;
			productType = "com.apple.product-type.application";
		};
		344769AF1B3AA65E00A4EEF0 /* DreamGroup  TipsTests */ = {
			isa = PBXNativeTarget;
			buildConfigurationList = 344769BD1B3AA65E00A4EEF0 /* Build configuration list for PBXNativeTarget "DreamGroup  TipsTests" */;
			buildPhases = (
				344769AC1B3AA65E00A4EEF0 /* Sources */,
				344769AD1B3AA65E00A4EEF0 /* Frameworks */,
				344769AE1B3AA65E00A4EEF0 /* Resources */,
			);
			buildRules = (
			);
			dependencies = (
				344769B21B3AA65E00A4EEF0 /* PBXTargetDependency */,
			);
			name = "DreamGroup  TipsTests";
			productName = "DreamGroup  TipsTests";
			productReference = 344769B01B3AA65E00A4EEF0 /* DreamGroup  TipsTests.xctest */;
			productType = "com.apple.product-type.bundle.unit-test";
		};
/* End PBXNativeTarget section */

/* Begin PBXProject section */
		344769951B3AA65E00A4EEF0 /* Project object */ = {
			isa = PBXProject;
			attributes = {
				LastUpgradeCheck = 0610;
				ORGANIZATIONNAME = lanouhn;
				TargetAttributes = {
					3447699C1B3AA65E00A4EEF0 = {
						CreatedOnToolsVersion = 6.1;
					};
					344769AF1B3AA65E00A4EEF0 = {
						CreatedOnToolsVersion = 6.1;
						TestTargetID = 3447699C1B3AA65E00A4EEF0;
					};
				};
			};
			buildConfigurationList = 344769981B3AA65E00A4EEF0 /* Build configuration list for PBXProject "DreamGroup  Tips" */;
			compatibilityVersion = "Xcode 3.2";
			developmentRegion = English;
			hasScannedForEncodings = 0;
			knownRegions = (
				en,
				Base,
			);
			mainGroup = 344769941B3AA65E00A4EEF0;
			productRefGroup = 3447699E1B3AA65E00A4EEF0 /* Products */;
			projectDirPath = "";
			projectRoot = "";
			targets = (
				3447699C1B3AA65E00A4EEF0 /* DreamGroup  Tips */,
				344769AF1B3AA65E00A4EEF0 /* DreamGroup  TipsTests */,
			);
		};
/* End PBXProject section */

/* Begin PBXResourcesBuildPhase section */
		3447699B1B3AA65E00A4EEF0 /* Resources */ = {
			isa = PBXResourcesBuildPhase;
			buildActionMask = 2147483647;
			files = (
				344769AB1B3AA65E00A4EEF0 /* LaunchScreen.xib in Resources */,
				344769A81B3AA65E00A4EEF0 /* Images.xcassets in Resources */,
			);
			runOnlyForDeploymentPostprocessing = 0;
		};
		344769AE1B3AA65E00A4EEF0 /* Resources */ = {
			isa = PBXResourcesBuildPhase;
			buildActionMask = 2147483647;
			files = (
			);
			runOnlyForDeploymentPostprocessing = 0;
		};
/* End PBXResourcesBuildPhase section */

/* Begin PBXSourcesBuildPhase section */
		344769991B3AA65E00A4EEF0 /* Sources */ = {
			isa = PBXSourcesBuildPhase;
			buildActionMask = 2147483647;
			files = (
				344769A61B3AA65E00A4EEF0 /* AppDelegate.m in Sources */,
				344769A31B3AA65E00A4EEF0 /* main.m in Sources */,
			);
			runOnlyForDeploymentPostprocessing = 0;
		};
		344769AC1B3AA65E00A4EEF0 /* Sources */ = {
			isa = PBXSourcesBuildPhase;
			buildActionMask = 2147483647;
			files = (
				344769B71B3AA65E00A4EEF0 /* DreamGroup__TipsTests.m in Sources */,
			);
			runOnlyForDeploymentPostprocessing = 0;
		};
/* End PBXSourcesBuildPhase section */

/* Begin PBXTargetDependency section */
		344769B21B3AA65E00A4EEF0 /* PBXTargetDependency */ = {
			isa = PBXTargetDependency;
			target = 3447699C1B3AA65E00A4EEF0 /* DreamGroup  Tips */;
			targetProxy = 344769B11B3AA65E00A4EEF0 /* PBXContainerItemProxy */;
		};
/* End PBXTargetDependency section */

/* Begin PBXVariantGroup section */
		344769A91B3AA65E00A4EEF0 /* LaunchScreen.xib */ = {
			isa = PBXVariantGroup;
			children = (
				344769AA1B3AA65E00A4EEF0 /* Base */,
			);
			name = LaunchScreen.xib;
			sourceTree = "<group>";
		};
/* End PBXVariantGroup section */

/* Begin XCBuildConfiguration section */
		344769B81B3AA65E00A4EEF0 /* Debug */ = {
			isa = XCBuildConfiguration;
			buildSettings = {
				ALWAYS_SEARCH_USER_PATHS = NO;
				CLANG_CXX_LANGUAGE_STANDARD = "gnu++0x";
				CLANG_CXX_LIBRARY = "libc++";
				CLANG_ENABLE_MODULES = YES;
				CLANG_ENABLE_OBJC_ARC = YES;
				CLANG_WARN_BOOL_CONVERSION = YES;
				CLANG_WARN_CONSTANT_CONVERSION = YES;
				CLANG_WARN_DIRECT_OBJC_ISA_USAGE = YES_ERROR;
				CLANG_WARN_EMPTY_BODY = YES;
				CLANG_WARN_ENUM_CONVERSION = YES;
				CLANG_WARN_INT_CONVERSION = YES;
				CLANG_WARN_OBJC_ROOT_CLASS = YES_ERROR;
				CLANG_WARN_UNREACHABLE_CODE = YES;
				CLANG_WARN__DUPLICATE_METHOD_MATCH = YES;
				"CODE_SIGN_IDENTITY[sdk=iphoneos*]" = "iPhone Developer";
				COPY_PHASE_STRIP = NO;
				ENABLE_STRICT_OBJC_MSGSEND = YES;
				GCC_C_LANGUAGE_STANDARD = gnu99;
				GCC_DYNAMIC_NO_PIC = NO;
				GCC_OPTIMIZATION_LEVEL = 0;
				GCC_PREPROCESSOR_DEFINITIONS = (
					"DEBUG=1",
					"$(inherited)",
				);
				GCC_SYMBOLS_PRIVATE_EXTERN = NO;
				GCC_WARN_64_TO_32_BIT_CONVERSION = YES;
				GCC_WARN_ABOUT_RETURN_TYPE = YES_ERROR;
				GCC_WARN_UNDECLARED_SELECTOR = YES;
				GCC_WARN_UNINITIALIZED_AUTOS = YES_AGGRESSIVE;
				GCC_WARN_UNUSED_FUNCTION = YES;
				GCC_WARN_UNUSED_VARIABLE = YES;
				IPHONEOS_DEPLOYMENT_TARGET = 8.1;
				MTL_ENABLE_DEBUG_INFO = YES;
				ONLY_ACTIVE_ARCH = YES;
				SDKROOT = iphoneos;
			};
			name = Debug;
		};
		344769B91B3AA65E00A4EEF0 /* Release */ = {
			isa = XCBuildConfiguration;
			buildSettings = {
				ALWAYS_SEARCH_USER_PATHS = NO;
				CLANG_CXX_LANGUAGE_STANDARD = "gnu++0x";
				CLANG_CXX_LIBRARY = "libc++";
				CLANG_ENABLE_MODULES = YES;
				CLANG_ENABLE_OBJC_ARC = YES;
				CLANG_WARN_BOOL_CONVERSION = YES;
				CLANG_WARN_CONSTANT_CONVERSION = YES;
				CLANG_WARN_DIRECT_OBJC_ISA_USAGE = YES_ERROR;
				CLANG_WARN_EMPTY_BODY = YES;
				CLANG_WARN_ENUM_CONVERSION = YES;
				CLANG_WARN_INT_CONVERSION = YES;
				CLANG_WARN_OBJC_ROOT_CLASS = YES_ERROR;
				CLANG_WARN_UNREACHABLE_CODE = YES;
				CLANG_WARN__DUPLICATE_METHOD_MATCH = YES;
				"CODE_SIGN_IDENTITY[sdk=iphoneos*]" = "iPhone Developer";
				COPY_PHASE_STRIP = YES;
				ENABLE_NS_ASSERTIONS = NO;
				ENABLE_STRICT_OBJC_MSGSEND = YES;
				GCC_C_LANGUAGE_STANDARD = gnu99;
				GCC_WARN_64_TO_32_BIT_CONVERSION = YES;
				GCC_WARN_ABOUT_RETURN_TYPE = YES_ERROR;
				GCC_WARN_UNDECLARED_SELECTOR = YES;
				GCC_WARN_UNINITIALIZED_AUTOS = YES_AGGRESSIVE;
				GCC_WARN_UNUSED_FUNCTION = YES;
				GCC_WARN_UNUSED_VARIABLE = YES;
				IPHONEOS_DEPLOYMENT_TARGET = 8.1;
				MTL_ENABLE_DEBUG_INFO = NO;
				SDKROOT = iphoneos;
				VALIDATE_PRODUCT = YES;
			};
			name = Release;
		};
		344769BB1B3AA65E00A4EEF0 /* Debug */ = {
			isa = XCBuildConfiguration;
			buildSettings = {
				ASSETCATALOG_COMPILER_APPICON_NAME = AppIcon;
				INFOPLIST_FILE = "DreamGroup  Tips/Info.plist";
				LD_RUNPATH_SEARCH_PATHS = "$(inherited) @executable_path/Frameworks";
				PRODUCT_NAME = "$(TARGET_NAME)";
			};
			name = Debug;
		};
		344769BC1B3AA65E00A4EEF0 /* Release */ = {
			isa = XCBuildConfiguration;
			buildSettings = {
				ASSETCATALOG_COMPILER_APPICON_NAME = AppIcon;
				INFOPLIST_FILE = "DreamGroup  Tips/Info.plist";
				LD_RUNPATH_SEARCH_PATHS = "$(inherited) @executable_path/Frameworks";
				PRODUCT_NAME = "$(TARGET_NAME)";
			};
			name = Release;
		};
		344769BE1B3AA65E00A4EEF0 /* Debug */ = {
			isa = XCBuildConfiguration;
			buildSettings = {
				BUNDLE_LOADER = "$(TEST_HOST)";
				FRAMEWORK_SEARCH_PATHS = (
					"$(SDKROOT)/Developer/Library/Frameworks",
					"$(inherited)",
				);
				GCC_PREPROCESSOR_DEFINITIONS = (
					"DEBUG=1",
					"$(inherited)",
				);
				INFOPLIST_FILE = "DreamGroup  TipsTests/Info.plist";
				LD_RUNPATH_SEARCH_PATHS = "$(inherited) @executable_path/Frameworks @loader_path/Frameworks";
				PRODUCT_NAME = "$(TARGET_NAME)";
				TEST_HOST = "$(BUILT_PRODUCTS_DIR)/DreamGroup  Tips.app/DreamGroup  Tips";
			};
			name = Debug;
		};
		344769BF1B3AA65E00A4EEF0 /* Release */ = {
			isa = XCBuildConfiguration;
			buildSettings = {
				BUNDLE_LOADER = "$(TEST_HOST)";
				FRAMEWORK_SEARCH_PATHS = (
					"$(SDKROOT)/Developer/Library/Frameworks",
					"$(inherited)",
				);
				INFOPLIST_FILE = "DreamGroup  TipsTests/Info.plist";
				LD_RUNPATH_SEARCH_PATHS = "$(inherited) @executable_path/Frameworks @loader_path/Frameworks";
				PRODUCT_NAME = "$(TARGET_NAME)";
				TEST_HOST = "$(BUILT_PRODUCTS_DIR)/DreamGroup  Tips.app/DreamGroup  Tips";
			};
			name = Release;
		};
/* End XCBuildConfiguration section */

/* Begin XCConfigurationList section */
		344769981B3AA65E00A4EEF0 /* Build configuration list for PBXProject "DreamGroup  Tips" */ = {
			isa = XCConfigurationList;
			buildConfigurations = (
				344769B81B3AA65E00A4EEF0 /* Debug */,
				344769B91B3AA65E00A4EEF0 /* Release */,
			);
			defaultConfigurationIsVisible = 0;
			defaultConfigurationName = Release;
		};
		344769BA1B3AA65E00A4EEF0 /* Build configuration list for PBXNativeTarget "DreamGroup  Tips" */ = {
			isa = XCConfigurationList;
			buildConfigurations = (
				344769BB1B3AA65E00A4EEF0 /* Debug */,
				344769BC1B3AA65E00A4EEF0 /* Release */,
			);
			defaultConfigurationIsVisible = 0;
		};
		344769BD1B3AA65E00A4EEF0 /* Build configuration list for PBXNativeTarget "DreamGroup  TipsTests" */ = {
			isa = XCConfigurationList;
			buildConfigurations = (
				344769BE1B3AA65E00A4EEF0 /* Debug */,
				344769BF1B3AA65E00A4EEF0 /* Release */,
			);
			defaultConfigurationIsVisible = 0;
		};
/* End XCConfigurationList section */
	};
	rootObject = 344769951B3AA65E00A4EEF0 /* Project object */;
}
